
Microsoft Visual Studio Solution File, Format Version 12.00
# Visual Studio Version 17
VisualStudioVersion = 17.8.34330.188
MinimumVisualStudioVersion = 10.0.40219.1
Project("{FAE04EC0-301F-11D3-BF4B-00C04F79EFBC}") = "FootballFieldManagement", "FootballFieldManagement.csproj", "{41840810-6697-4819-B365-DC6051F7EA4F}"
EndProject
Global
	GlobalSection(SolutionConfigurationPlatforms) = preSolution
		Debug|Any CPU = Debug|Any CPU
		Release|Any CPU = Release|Any CPU
	EndGlobalSection
	GlobalSection(ProjectConfigurationPlatforms) = postSolution
		{41840810-6697-4819-B365-DC6051F7EA4F}.Debug|Any CPU.ActiveCfg = Debug|Any CPU
		{41840810-6697-4819-B365-DC6051F7EA4F}.Debug|Any CPU.Build.0 = Debug|Any CPU
		{41840810-6697-4819-B365-DC6051F7EA4F}.Release|Any CPU.ActiveCfg = Release|Any CPU
		{41840810-6697-4819-B365-DC6051F7EA4F}.Release|Any CPU.Build.0 = Release|Any CPU
	EndGlobalSection
	GlobalSection(SolutionProperties) = preSolution
		HideSolutionNode = FALSE
	EndGlobalSection
	GlobalSection(ExtensibilityGlobals) = postSolution
		SolutionGuid = {F9A8AF1A-98DB-49D0-B829-AD9D0F078357}
	EndGlobalSection
EndGlobal
